# This file was autogenerated by Stack.
# You should not edit this file by hand.
# For more information, please see the documentation at:
#   https://docs.haskellstack.org/en/stable/lock_files

packages: []
snapshots:
- completed:
    size: 527401
    url: https://raw.githubusercontent.com/commercialhaskell/stackage-snapshots/master/lts/11/16.yaml
    sha256: 0542b8cfae985550e2f7fdc4ccd0ca8358630a92a93ebc44df0d2ac69a255bf0
  original: lts-11.16
